
Microsoft Visual Studio Solution File, Format Version 12.00
# Visual Studio Version 17
VisualStudioVersion = 17.6.33815.320
MinimumVisualStudioVersion = 10.0.40219.1
Project("{FAE04EC0-301F-11D3-BF4B-00C04F79EFBC}") = "Korttipeli", "Korttipeli\Korttipeli.csproj", "{A1854466-04F5-4834-AE32-63DB2E14034A}"
EndProject
Global
	GlobalSection(SolutionConfigurationPlatforms) = preSolution
		Debug|Any CPU = Debug|Any CPU
		Release|Any CPU = Release|Any CPU
	EndGlobalSection
	GlobalSection(ProjectConfigurationPlatforms) = postSolution
		{A1854466-04F5-4834-AE32-63DB2E14034A}.Debug|Any CPU.ActiveCfg = Debug|Any CPU
		{A1854466-04F5-4834-AE32-63DB2E14034A}.Debug|Any CPU.Build.0 = Debug|Any CPU
		{A1854466-04F5-4834-AE32-63DB2E14034A}.Release|Any CPU.ActiveCfg = Release|Any CPU
		{A1854466-04F5-4834-AE32-63DB2E14034A}.Release|Any CPU.Build.0 = Release|Any CPU
	EndGlobalSection
	GlobalSection(SolutionProperties) = preSolution
		HideSolutionNode = FALSE
	EndGlobalSection
	GlobalSection(ExtensibilityGlobals) = postSolution
		SolutionGuid = {EEE0BF6D-AB6F-4854-BA65-5A7C82AFC26E}
	EndGlobalSection
EndGlobal
